
Microsoft Visual Studio Solution File, Format Version 12.00
# Visual Studio Version 17
VisualStudioVersion = 17.14.36301.6 d17.14
MinimumVisualStudioVersion = 10.0.40219.1
Project("{FAE04EC0-301F-11D3-BF4B-00C04F79EFBC}") = "EmployeesWebAPI", "EmployeesWebAPI.csproj", "{3468873C-8A20-4306-972D-87E8EA228D77}"
EndProject
Global
	GlobalSection(SolutionConfigurationPlatforms) = preSolution
		Debug|Any CPU = Debug|Any CPU
		Release|Any CPU = Release|Any CPU
	EndGlobalSection
	GlobalSection(ProjectConfigurationPlatforms) = postSolution
		{3468873C-8A20-4306-972D-87E8EA228D77}.Debug|Any CPU.ActiveCfg = Debug|Any CPU
		{3468873C-8A20-4306-972D-87E8EA228D77}.Debug|Any CPU.Build.0 = Debug|Any CPU
		{3468873C-8A20-4306-972D-87E8EA228D77}.Release|Any CPU.ActiveCfg = Release|Any CPU
		{3468873C-8A20-4306-972D-87E8EA228D77}.Release|Any CPU.Build.0 = Release|Any CPU
	EndGlobalSection
	GlobalSection(SolutionProperties) = preSolution
		HideSolutionNode = FALSE
	EndGlobalSection
	GlobalSection(ExtensibilityGlobals) = postSolution
		SolutionGuid = {2694D77F-90BD-4A32-916E-793FFE045A3D}
	EndGlobalSection
EndGlobal
